
Microsoft Visual Studio Solution File, Format Version 12.00
# Visual Studio Version 17
VisualStudioVersion = 17.7.34009.444
MinimumVisualStudioVersion = 10.0.40219.1
Project("{9A19103F-16F7-4668-BE54-9A1E7A4F7556}") = "GameReviewAPI", "GameReviewAPI\GameReviewAPI.csproj", "{53D5BA97-8E44-4B9B-BAB0-F62306B65A6E}"
EndProject
Project("{9A19103F-16F7-4668-BE54-9A1E7A4F7556}") = "GameReview.DataAccess", "GameReview.DataAccess\GameReview.DataAccess.csproj", "{D54277F7-01D5-4D41-A6CB-9A445F2F462F}"
EndProject
Project("{9A19103F-16F7-4668-BE54-9A1E7A4F7556}") = "GameReview.Data", "GameReview.Data\GameReview.Data.csproj", "{D337E30A-0B39-4D39-BFCF-D6F60391576B}"
EndProject
Project("{9A19103F-16F7-4668-BE54-9A1E7A4F7556}") = "GameReview.Services", "GameReview.Services\GameReview.Services.csproj", "{CF1BAADD-0B12-41F6-8528-3C4B5B669D30}"
EndProject
Global
	GlobalSection(SolutionConfigurationPlatforms) = preSolution
		Debug|Any CPU = Debug|Any CPU
		Release|Any CPU = Release|Any CPU
	EndGlobalSection
	GlobalSection(ProjectConfigurationPlatforms) = postSolution
		{53D5BA97-8E44-4B9B-BAB0-F62306B65A6E}.Debug|Any CPU.ActiveCfg = Debug|Any CPU
		{53D5BA97-8E44-4B9B-BAB0-F62306B65A6E}.Debug|Any CPU.Build.0 = Debug|Any CPU
		{53D5BA97-8E44-4B9B-BAB0-F62306B65A6E}.Release|Any CPU.ActiveCfg = Release|Any CPU
		{53D5BA97-8E44-4B9B-BAB0-F62306B65A6E}.Release|Any CPU.Build.0 = Release|Any CPU
		{D54277F7-01D5-4D41-A6CB-9A445F2F462F}.Debug|Any CPU.ActiveCfg = Debug|Any CPU
		{D54277F7-01D5-4D41-A6CB-9A445F2F462F}.Debug|Any CPU.Build.0 = Debug|Any CPU
		{D54277F7-01D5-4D41-A6CB-9A445F2F462F}.Release|Any CPU.ActiveCfg = Release|Any CPU
		{D54277F7-01D5-4D41-A6CB-9A445F2F462F}.Release|Any CPU.Build.0 = Release|Any CPU
		{D337E30A-0B39-4D39-BFCF-D6F60391576B}.Debug|Any CPU.ActiveCfg = Debug|Any CPU
		{D337E30A-0B39-4D39-BFCF-D6F60391576B}.Debug|Any CPU.Build.0 = Debug|Any CPU
		{D337E30A-0B39-4D39-BFCF-D6F60391576B}.Release|Any CPU.ActiveCfg = Release|Any CPU
		{D337E30A-0B39-4D39-BFCF-D6F60391576B}.Release|Any CPU.Build.0 = Release|Any CPU
		{CF1BAADD-0B12-41F6-8528-3C4B5B669D30}.Debug|Any CPU.ActiveCfg = Debug|Any CPU
		{CF1BAADD-0B12-41F6-8528-3C4B5B669D30}.Debug|Any CPU.Build.0 = Debug|Any CPU
		{CF1BAADD-0B12-41F6-8528-3C4B5B669D30}.Release|Any CPU.ActiveCfg = Release|Any CPU
		{CF1BAADD-0B12-41F6-8528-3C4B5B669D30}.Release|Any CPU.Build.0 = Release|Any CPU
	EndGlobalSection
	GlobalSection(SolutionProperties) = preSolution
		HideSolutionNode = FALSE
	EndGlobalSection
	GlobalSection(ExtensibilityGlobals) = postSolution
		SolutionGuid = {7D197ADB-5DD8-427F-B54E-A384BE15F470}
	EndGlobalSection
EndGlobal
